
Microsoft Visual Studio Solution File, Format Version 12.00
# Visual Studio Version 16
VisualStudioVersion = 16.0.31729.503
MinimumVisualStudioVersion = 10.0.40219.1
Project("{FAE04EC0-301F-11D3-BF4B-00C04F79EFBC}") = "6 page program", "6 page program\6 page program.csproj", "{316108CD-AC31-4661-89A8-3D4D338EC932}"
EndProject
Global
	GlobalSection(SolutionConfigurationPlatforms) = preSolution
		Debug|Any CPU = Debug|Any CPU
		Release|Any CPU = Release|Any CPU
	EndGlobalSection
	GlobalSection(ProjectConfigurationPlatforms) = postSolution
		{316108CD-AC31-4661-89A8-3D4D338EC932}.Debug|Any CPU.ActiveCfg = Debug|Any CPU
		{316108CD-AC31-4661-89A8-3D4D338EC932}.Debug|Any CPU.Build.0 = Debug|Any CPU
		{316108CD-AC31-4661-89A8-3D4D338EC932}.Release|Any CPU.ActiveCfg = Release|Any CPU
		{316108CD-AC31-4661-89A8-3D4D338EC932}.Release|Any CPU.Build.0 = Release|Any CPU
	EndGlobalSection
	GlobalSection(SolutionProperties) = preSolution
		HideSolutionNode = FALSE
	EndGlobalSection
	GlobalSection(ExtensibilityGlobals) = postSolution
		SolutionGuid = {12CD1120-8F40-461E-8CA9-EE4061BF9F7C}
	EndGlobalSection
EndGlobal
