
Microsoft Visual Studio Solution File, Format Version 12.00
# Visual Studio Version 16
VisualStudioVersion = 16.0.31729.503
MinimumVisualStudioVersion = 10.0.40219.1
Project("{FAE04EC0-301F-11D3-BF4B-00C04F79EFBC}") = "Methodd4", "Methodd4\Methodd4.csproj", "{B208D54B-B0C3-4BA0-A14B-EC87ACB41E36}"
EndProject
Global
	GlobalSection(SolutionConfigurationPlatforms) = preSolution
		Debug|Any CPU = Debug|Any CPU
		Release|Any CPU = Release|Any CPU
	EndGlobalSection
	GlobalSection(ProjectConfigurationPlatforms) = postSolution
		{B208D54B-B0C3-4BA0-A14B-EC87ACB41E36}.Debug|Any CPU.ActiveCfg = Debug|Any CPU
		{B208D54B-B0C3-4BA0-A14B-EC87ACB41E36}.Debug|Any CPU.Build.0 = Debug|Any CPU
		{B208D54B-B0C3-4BA0-A14B-EC87ACB41E36}.Release|Any CPU.ActiveCfg = Release|Any CPU
		{B208D54B-B0C3-4BA0-A14B-EC87ACB41E36}.Release|Any CPU.Build.0 = Release|Any CPU
	EndGlobalSection
	GlobalSection(SolutionProperties) = preSolution
		HideSolutionNode = FALSE
	EndGlobalSection
	GlobalSection(ExtensibilityGlobals) = postSolution
		SolutionGuid = {932FF00C-2637-4922-8C41-4EA64B2E0312}
	EndGlobalSection
EndGlobal
